{
  "name": "token-quickstart",
  "version": "1.0.0",
  "lockfileVersion": 3,
  "requires": true,
  "packages": {
    "": {
      "name": "token-quickstart",
      "version": "1.0.0",
      "license": "ISC",
      "dependencies": {
        "@openzeppelin/contracts": "^4.9.6",
        "@thrackle-io/forte-rules-engine": "2.2.2-test-only"
      }
    },
    "node_modules/@openzeppelin/contracts": {
      "version": "4.9.6",
      "resolved": "https://registry.npmjs.org/@openzeppelin/contracts/-/contracts-4.9.6.tgz",
      "integrity": "sha512-xSmezSupL+y9VkHZJGDoCBpmnB2ogM13ccaYDWqJTfS3dbuHkgjuwDFUmaFauBCboQMGB/S5UqUl2y54X99BmA=="
    },
    "node_modules/@openzeppelin/contracts-upgradeable": {
      "version": "4.9.6",
      "resolved": "https://registry.npmjs.org/@openzeppelin/contracts-upgradeable/-/contracts-upgradeable-4.9.6.tgz",
      "integrity": "sha512-m4iHazOsOCv1DgM7eD7GupTJ+NFVujRZt1wzddDPSVGpWdKq1SKkla5htKG7+IS4d2XOCtzkUNwRZ7Vq5aEUMA=="
    },
    "node_modules/@thrackle-io/forte-rules-engine": {
      "version": "2.2.2-test-only",
      "resolved": "https://registry.npmjs.org/@thrackle-io/forte-rules-engine/-/forte-rules-engine-2.2.2-test-only.tgz",
      "integrity": "sha512-aoXp6DgNIOMkfKWX7RxvOJOEbGMPG444Zcoefl3Uj0wBCO9Zdki9QotTtn7QWWjmxb99Buj/v4PFtHNCvsKYDg==",
      "hasInstallScript": true,
      "dependencies": {
        "@openzeppelin/contracts": "4.9.6",
        "@openzeppelin/contracts-upgradeable": "4.9.6"
      }
    }
  }
}
